
Microsoft Visual Studio Solution File, Format Version 12.00
# Visual Studio Version 17
VisualStudioVersion = 17.5.33414.496
MinimumVisualStudioVersion = 10.0.40219.1
Project("{9A19103F-16F7-4668-BE54-9A1E7A4F7556}") = "EventHandler", "EventHandler.csproj", "{17332BC5-3309-4892-912A-ABE7AF97FC68}"
EndProject
Global
	GlobalSection(SolutionConfigurationPlatforms) = preSolution
		Debug|Any CPU = Debug|Any CPU
		Release|Any CPU = Release|Any CPU
	EndGlobalSection
	GlobalSection(ProjectConfigurationPlatforms) = postSolution
		{17332BC5-3309-4892-912A-ABE7AF97FC68}.Debug|Any CPU.ActiveCfg = Debug|Any CPU
		{17332BC5-3309-4892-912A-ABE7AF97FC68}.Debug|Any CPU.Build.0 = Debug|Any CPU
		{17332BC5-3309-4892-912A-ABE7AF97FC68}.Release|Any CPU.ActiveCfg = Release|Any CPU
		{17332BC5-3309-4892-912A-ABE7AF97FC68}.Release|Any CPU.Build.0 = Release|Any CPU
	EndGlobalSection
	GlobalSection(SolutionProperties) = preSolution
		HideSolutionNode = FALSE
	EndGlobalSection
	GlobalSection(ExtensibilityGlobals) = postSolution
		SolutionGuid = {A9C1D37D-0323-46FA-B76C-EB0AF11DA6ED}
	EndGlobalSection
EndGlobal
